
Microsoft Visual Studio Solution File, Format Version 12.00
# Visual Studio Version 16
VisualStudioVersion = 16.0.29806.167
MinimumVisualStudioVersion = 10.0.40219.1
Project("{2150E333-8FDC-42A3-9474-1A3956D46DE8}") = "Libraries", "Libraries", "{289714D2-82E5-4E53-991F-E53FCE439D00}"
EndProject
Project("{2150E333-8FDC-42A3-9474-1A3956D46DE8}") = "Services", "Services", "{1CECA7B6-0368-4005-8CFA-2CAEC5B29656}"
EndProject
Project("{2150E333-8FDC-42A3-9474-1A3956D46DE8}") = "Workers", "Workers", "{9BB0FBC0-AA98-4CC2-AA43-EB41040FBF08}"
EndProject
Project("{2150E333-8FDC-42A3-9474-1A3956D46DE8}") = "RabbitMQ", "RabbitMQ", "{DC2C5555-2F13-4108-8B19-B1F7EA2DEFA4}"
EndProject
Project("{9A19103F-16F7-4668-BE54-9A1E7A4F7556}") = "Com.GGIT", "Libraries\Com.GGIT\Com.GGIT.csproj", "{BD058553-E5ED-4EB5-9E0D-0AB1AC907C39}"
EndProject
Project("{9A19103F-16F7-4668-BE54-9A1E7A4F7556}") = "Rmq.Core", "Services\Rmq.Core\Rmq.Core.csproj", "{F018E3B9-989E-4309-90DA-266331D99FEF}"
EndProject
Project("{9A19103F-16F7-4668-BE54-9A1E7A4F7556}") = "Rmq.Consumption.Consumer", "Workers\RabbitMQ\Rmq.Consumption.Consumer\Rmq.Consumption.Consumer.csproj", "{A8469493-6186-4E1D-9985-ED935DE0E7B1}"
EndProject
Project("{9A19103F-16F7-4668-BE54-9A1E7A4F7556}") = "Rmq.Consumption.Producer", "Workers\RabbitMQ\Rmq.Consumption.Producer\Rmq.Consumption.Producer.csproj", "{2F9354E7-CCE6-4B48-A5A4-03C262CAC824}"
EndProject
Project("{9A19103F-16F7-4668-BE54-9A1E7A4F7556}") = "Rmq.Registration.Consumer", "Workers\RabbitMQ\Rmq.Registration.Consumer\Rmq.Registration.Consumer.csproj", "{424D0997-52DA-425A-BBC2-15D1D22DC730}"
EndProject
Project("{9A19103F-16F7-4668-BE54-9A1E7A4F7556}") = "Rmq.MegopolyCashIn.Consumer", "Workers\RabbitMQ\Rmq.MegopolyCashIn.Consumer\Rmq.MegopolyCashIn.Consumer.csproj", "{202D79C9-62CB-4F60-9A15-FF424E1F2D1C}"
EndProject
Project("{9A19103F-16F7-4668-BE54-9A1E7A4F7556}") = "Rmq.MegopolyCashIn.Producer", "Workers\RabbitMQ\Rmq.MegopolyCashIn.Producer\Rmq.MegopolyCashIn.Producer.csproj", "{537E6FA3-6813-4D33-9672-DAAD5656236A}"
EndProject
Project("{9A19103F-16F7-4668-BE54-9A1E7A4F7556}") = "Rmq.PersonalReward.Consumer", "Workers\RabbitMQ\Rmq.PersonalReward.Consumer\Rmq.PersonalReward.Consumer.csproj", "{60B17631-2B09-4ABE-9ECE-1416BC1FBED0}"
EndProject
Project("{9A19103F-16F7-4668-BE54-9A1E7A4F7556}") = "Rmq.PersonalReward.Producer", "Workers\RabbitMQ\Rmq.PersonalReward.Producer\Rmq.PersonalReward.Producer.csproj", "{5BE3B4C9-7AFB-4DF7-912B-271C34ACC099}"
EndProject
Project("{2150E333-8FDC-42A3-9474-1A3956D46DE8}") = "Notification", "Notification", "{40669344-1D04-4EEE-B0B4-3557CEB48165}"
EndProject
Project("{9A19103F-16F7-4668-BE54-9A1E7A4F7556}") = "Ms.PushNotification", "Workers\Notification\Ms.PushNotification\Ms.PushNotification.csproj", "{F09E503B-A3D5-4B5A-8EE1-460E6EE8336B}"
EndProject
Project("{2150E333-8FDC-42A3-9474-1A3956D46DE8}") = "Rate", "Rate", "{5D102CD1-EBD3-4D67-97A3-94D9C06BB868}"
EndProject
Project("{9A19103F-16F7-4668-BE54-9A1E7A4F7556}") = "Btc.Currency.Rate", "Workers\Rate\Btc.Currency.Rate\Btc.Currency.Rate.csproj", "{72BEF4B1-7E3E-47BD-AD2F-09A7C1B1BD2B}"
EndProject
Project("{9A19103F-16F7-4668-BE54-9A1E7A4F7556}") = "Rate.Core", "Services\Rate.Core\Rate.Core\Rate.Core.csproj", "{F7BA5C1A-3497-4962-9E82-639068808DD3}"
EndProject
Project("{9A19103F-16F7-4668-BE54-9A1E7A4F7556}") = "Rmq.OpenMarket.Consumer", "Workers\RabbitMQ\Rmq.OpenMarket.Consumer\Rmq.OpenMarket.Consumer.csproj", "{70A0CD85-AC91-4E7C-B3EA-F5B0EC083D0A}"
EndProject
Project("{9A19103F-16F7-4668-BE54-9A1E7A4F7556}") = "Rmq.OpenMarket.Producer", "Workers\RabbitMQ\Rmq.OpenMarket.Producer\Rmq.OpenMarket.Producer.csproj", "{A71B995C-5534-4DCD-9C53-6528CC6628A4}"
EndProject
Project("{FAE04EC0-301F-11D3-BF4B-00C04F79EFBC}") = "PushNotification.Core", "Services\PushNotification.Core\PushNotification.Core.csproj", "{7694A3CE-C888-44F7-9A16-EA6CFC3472D9}"
EndProject
Global
	GlobalSection(SolutionConfigurationPlatforms) = preSolution
		Debug|Any CPU = Debug|Any CPU
		Int|Any CPU = Int|Any CPU
		Prod|Any CPU = Prod|Any CPU
		Release|Any CPU = Release|Any CPU
		Stage|Any CPU = Stage|Any CPU
	EndGlobalSection
	GlobalSection(ProjectConfigurationPlatforms) = postSolution
		{BD058553-E5ED-4EB5-9E0D-0AB1AC907C39}.Debug|Any CPU.ActiveCfg = Debug|Any CPU
		{BD058553-E5ED-4EB5-9E0D-0AB1AC907C39}.Debug|Any CPU.Build.0 = Debug|Any CPU
		{BD058553-E5ED-4EB5-9E0D-0AB1AC907C39}.Int|Any CPU.ActiveCfg = Int|Any CPU
		{BD058553-E5ED-4EB5-9E0D-0AB1AC907C39}.Int|Any CPU.Build.0 = Int|Any CPU
		{BD058553-E5ED-4EB5-9E0D-0AB1AC907C39}.Prod|Any CPU.ActiveCfg = Prod|Any CPU
		{BD058553-E5ED-4EB5-9E0D-0AB1AC907C39}.Prod|Any CPU.Build.0 = Prod|Any CPU
		{BD058553-E5ED-4EB5-9E0D-0AB1AC907C39}.Release|Any CPU.ActiveCfg = Release|Any CPU
		{BD058553-E5ED-4EB5-9E0D-0AB1AC907C39}.Release|Any CPU.Build.0 = Release|Any CPU
		{BD058553-E5ED-4EB5-9E0D-0AB1AC907C39}.Stage|Any CPU.ActiveCfg = Stage|Any CPU
		{BD058553-E5ED-4EB5-9E0D-0AB1AC907C39}.Stage|Any CPU.Build.0 = Stage|Any CPU
		{F018E3B9-989E-4309-90DA-266331D99FEF}.Debug|Any CPU.ActiveCfg = Debug|Any CPU
		{F018E3B9-989E-4309-90DA-266331D99FEF}.Debug|Any CPU.Build.0 = Debug|Any CPU
		{F018E3B9-989E-4309-90DA-266331D99FEF}.Int|Any CPU.ActiveCfg = Int|Any CPU
		{F018E3B9-989E-4309-90DA-266331D99FEF}.Int|Any CPU.Build.0 = Int|Any CPU
		{F018E3B9-989E-4309-90DA-266331D99FEF}.Prod|Any CPU.ActiveCfg = Prod|Any CPU
		{F018E3B9-989E-4309-90DA-266331D99FEF}.Prod|Any CPU.Build.0 = Prod|Any CPU
		{F018E3B9-989E-4309-90DA-266331D99FEF}.Release|Any CPU.ActiveCfg = Release|Any CPU
		{F018E3B9-989E-4309-90DA-266331D99FEF}.Release|Any CPU.Build.0 = Release|Any CPU
		{F018E3B9-989E-4309-90DA-266331D99FEF}.Stage|Any CPU.ActiveCfg = Stage|Any CPU
		{F018E3B9-989E-4309-90DA-266331D99FEF}.Stage|Any CPU.Build.0 = Stage|Any CPU
		{A8469493-6186-4E1D-9985-ED935DE0E7B1}.Debug|Any CPU.ActiveCfg = Debug|Any CPU
		{A8469493-6186-4E1D-9985-ED935DE0E7B1}.Debug|Any CPU.Build.0 = Debug|Any CPU
		{A8469493-6186-4E1D-9985-ED935DE0E7B1}.Int|Any CPU.ActiveCfg = Int|Any CPU
		{A8469493-6186-4E1D-9985-ED935DE0E7B1}.Int|Any CPU.Build.0 = Int|Any CPU
		{A8469493-6186-4E1D-9985-ED935DE0E7B1}.Prod|Any CPU.ActiveCfg = Prod|Any CPU
		{A8469493-6186-4E1D-9985-ED935DE0E7B1}.Prod|Any CPU.Build.0 = Prod|Any CPU
		{A8469493-6186-4E1D-9985-ED935DE0E7B1}.Release|Any CPU.ActiveCfg = Release|Any CPU
		{A8469493-6186-4E1D-9985-ED935DE0E7B1}.Release|Any CPU.Build.0 = Release|Any CPU
		{A8469493-6186-4E1D-9985-ED935DE0E7B1}.Stage|Any CPU.ActiveCfg = Stage|Any CPU
		{A8469493-6186-4E1D-9985-ED935DE0E7B1}.Stage|Any CPU.Build.0 = Stage|Any CPU
		{2F9354E7-CCE6-4B48-A5A4-03C262CAC824}.Debug|Any CPU.ActiveCfg = Debug|Any CPU
		{2F9354E7-CCE6-4B48-A5A4-03C262CAC824}.Debug|Any CPU.Build.0 = Debug|Any CPU
		{2F9354E7-CCE6-4B48-A5A4-03C262CAC824}.Int|Any CPU.ActiveCfg = Int|Any CPU
		{2F9354E7-CCE6-4B48-A5A4-03C262CAC824}.Int|Any CPU.Build.0 = Int|Any CPU
		{2F9354E7-CCE6-4B48-A5A4-03C262CAC824}.Prod|Any CPU.ActiveCfg = Prod|Any CPU
		{2F9354E7-CCE6-4B48-A5A4-03C262CAC824}.Prod|Any CPU.Build.0 = Prod|Any CPU
		{2F9354E7-CCE6-4B48-A5A4-03C262CAC824}.Release|Any CPU.ActiveCfg = Release|Any CPU
		{2F9354E7-CCE6-4B48-A5A4-03C262CAC824}.Release|Any CPU.Build.0 = Release|Any CPU
		{2F9354E7-CCE6-4B48-A5A4-03C262CAC824}.Stage|Any CPU.ActiveCfg = Stage|Any CPU
		{2F9354E7-CCE6-4B48-A5A4-03C262CAC824}.Stage|Any CPU.Build.0 = Stage|Any CPU
		{424D0997-52DA-425A-BBC2-15D1D22DC730}.Debug|Any CPU.ActiveCfg = Debug|Any CPU
		{424D0997-52DA-425A-BBC2-15D1D22DC730}.Debug|Any CPU.Build.0 = Debug|Any CPU
		{424D0997-52DA-425A-BBC2-15D1D22DC730}.Int|Any CPU.ActiveCfg = Int|Any CPU
		{424D0997-52DA-425A-BBC2-15D1D22DC730}.Int|Any CPU.Build.0 = Int|Any CPU
		{424D0997-52DA-425A-BBC2-15D1D22DC730}.Prod|Any CPU.ActiveCfg = Prod|Any CPU
		{424D0997-52DA-425A-BBC2-15D1D22DC730}.Prod|Any CPU.Build.0 = Prod|Any CPU
		{424D0997-52DA-425A-BBC2-15D1D22DC730}.Release|Any CPU.ActiveCfg = Release|Any CPU
		{424D0997-52DA-425A-BBC2-15D1D22DC730}.Release|Any CPU.Build.0 = Release|Any CPU
		{424D0997-52DA-425A-BBC2-15D1D22DC730}.Stage|Any CPU.ActiveCfg = Stage|Any CPU
		{424D0997-52DA-425A-BBC2-15D1D22DC730}.Stage|Any CPU.Build.0 = Stage|Any CPU
		{202D79C9-62CB-4F60-9A15-FF424E1F2D1C}.Debug|Any CPU.ActiveCfg = Debug|Any CPU
		{202D79C9-62CB-4F60-9A15-FF424E1F2D1C}.Debug|Any CPU.Build.0 = Debug|Any CPU
		{202D79C9-62CB-4F60-9A15-FF424E1F2D1C}.Int|Any CPU.ActiveCfg = Int|Any CPU
		{202D79C9-62CB-4F60-9A15-FF424E1F2D1C}.Int|Any CPU.Build.0 = Int|Any CPU
		{202D79C9-62CB-4F60-9A15-FF424E1F2D1C}.Prod|Any CPU.ActiveCfg = Prod|Any CPU
		{202D79C9-62CB-4F60-9A15-FF424E1F2D1C}.Prod|Any CPU.Build.0 = Prod|Any CPU
		{202D79C9-62CB-4F60-9A15-FF424E1F2D1C}.Release|Any CPU.ActiveCfg = Release|Any CPU
		{202D79C9-62CB-4F60-9A15-FF424E1F2D1C}.Release|Any CPU.Build.0 = Release|Any CPU
		{202D79C9-62CB-4F60-9A15-FF424E1F2D1C}.Stage|Any CPU.ActiveCfg = Stage|Any CPU
		{202D79C9-62CB-4F60-9A15-FF424E1F2D1C}.Stage|Any CPU.Build.0 = Stage|Any CPU
		{537E6FA3-6813-4D33-9672-DAAD5656236A}.Debug|Any CPU.ActiveCfg = Debug|Any CPU
		{537E6FA3-6813-4D33-9672-DAAD5656236A}.Debug|Any CPU.Build.0 = Debug|Any CPU
		{537E6FA3-6813-4D33-9672-DAAD5656236A}.Int|Any CPU.ActiveCfg = Int|Any CPU
		{537E6FA3-6813-4D33-9672-DAAD5656236A}.Int|Any CPU.Build.0 = Int|Any CPU
		{537E6FA3-6813-4D33-9672-DAAD5656236A}.Prod|Any CPU.ActiveCfg = Prod|Any CPU
		{537E6FA3-6813-4D33-9672-DAAD5656236A}.Prod|Any CPU.Build.0 = Prod|Any CPU
		{537E6FA3-6813-4D33-9672-DAAD5656236A}.Release|Any CPU.ActiveCfg = Release|Any CPU
		{537E6FA3-6813-4D33-9672-DAAD5656236A}.Release|Any CPU.Build.0 = Release|Any CPU
		{537E6FA3-6813-4D33-9672-DAAD5656236A}.Stage|Any CPU.ActiveCfg = Stage|Any CPU
		{537E6FA3-6813-4D33-9672-DAAD5656236A}.Stage|Any CPU.Build.0 = Stage|Any CPU
		{60B17631-2B09-4ABE-9ECE-1416BC1FBED0}.Debug|Any CPU.ActiveCfg = Debug|Any CPU
		{60B17631-2B09-4ABE-9ECE-1416BC1FBED0}.Debug|Any CPU.Build.0 = Debug|Any CPU
		{60B17631-2B09-4ABE-9ECE-1416BC1FBED0}.Int|Any CPU.ActiveCfg = Int|Any CPU
		{60B17631-2B09-4ABE-9ECE-1416BC1FBED0}.Int|Any CPU.Build.0 = Int|Any CPU
		{60B17631-2B09-4ABE-9ECE-1416BC1FBED0}.Prod|Any CPU.ActiveCfg = Prod|Any CPU
		{60B17631-2B09-4ABE-9ECE-1416BC1FBED0}.Prod|Any CPU.Build.0 = Prod|Any CPU
		{60B17631-2B09-4ABE-9ECE-1416BC1FBED0}.Release|Any CPU.ActiveCfg = Release|Any CPU
		{60B17631-2B09-4ABE-9ECE-1416BC1FBED0}.Release|Any CPU.Build.0 = Release|Any CPU
		{60B17631-2B09-4ABE-9ECE-1416BC1FBED0}.Stage|Any CPU.ActiveCfg = Stage|Any CPU
		{60B17631-2B09-4ABE-9ECE-1416BC1FBED0}.Stage|Any CPU.Build.0 = Stage|Any CPU
		{5BE3B4C9-7AFB-4DF7-912B-271C34ACC099}.Debug|Any CPU.ActiveCfg = Debug|Any CPU
		{5BE3B4C9-7AFB-4DF7-912B-271C34ACC099}.Debug|Any CPU.Build.0 = Debug|Any CPU
		{5BE3B4C9-7AFB-4DF7-912B-271C34ACC099}.Int|Any CPU.ActiveCfg = Int|Any CPU
		{5BE3B4C9-7AFB-4DF7-912B-271C34ACC099}.Int|Any CPU.Build.0 = Int|Any CPU
		{5BE3B4C9-7AFB-4DF7-912B-271C34ACC099}.Prod|Any CPU.ActiveCfg = Prod|Any CPU
		{5BE3B4C9-7AFB-4DF7-912B-271C34ACC099}.Prod|Any CPU.Build.0 = Prod|Any CPU
		{5BE3B4C9-7AFB-4DF7-912B-271C34ACC099}.Release|Any CPU.ActiveCfg = Release|Any CPU
		{5BE3B4C9-7AFB-4DF7-912B-271C34ACC099}.Release|Any CPU.Build.0 = Release|Any CPU
		{5BE3B4C9-7AFB-4DF7-912B-271C34ACC099}.Stage|Any CPU.ActiveCfg = Stage|Any CPU
		{5BE3B4C9-7AFB-4DF7-912B-271C34ACC099}.Stage|Any CPU.Build.0 = Stage|Any CPU
		{F09E503B-A3D5-4B5A-8EE1-460E6EE8336B}.Debug|Any CPU.ActiveCfg = Debug|Any CPU
		{F09E503B-A3D5-4B5A-8EE1-460E6EE8336B}.Debug|Any CPU.Build.0 = Debug|Any CPU
		{F09E503B-A3D5-4B5A-8EE1-460E6EE8336B}.Int|Any CPU.ActiveCfg = Int|Any CPU
		{F09E503B-A3D5-4B5A-8EE1-460E6EE8336B}.Int|Any CPU.Build.0 = Int|Any CPU
		{F09E503B-A3D5-4B5A-8EE1-460E6EE8336B}.Prod|Any CPU.ActiveCfg = Prod|Any CPU
		{F09E503B-A3D5-4B5A-8EE1-460E6EE8336B}.Prod|Any CPU.Build.0 = Prod|Any CPU
		{F09E503B-A3D5-4B5A-8EE1-460E6EE8336B}.Release|Any CPU.ActiveCfg = Release|Any CPU
		{F09E503B-A3D5-4B5A-8EE1-460E6EE8336B}.Release|Any CPU.Build.0 = Release|Any CPU
		{F09E503B-A3D5-4B5A-8EE1-460E6EE8336B}.Stage|Any CPU.ActiveCfg = Stage|Any CPU
		{F09E503B-A3D5-4B5A-8EE1-460E6EE8336B}.Stage|Any CPU.Build.0 = Stage|Any CPU
		{72BEF4B1-7E3E-47BD-AD2F-09A7C1B1BD2B}.Debug|Any CPU.ActiveCfg = Debug|Any CPU
		{72BEF4B1-7E3E-47BD-AD2F-09A7C1B1BD2B}.Debug|Any CPU.Build.0 = Debug|Any CPU
		{72BEF4B1-7E3E-47BD-AD2F-09A7C1B1BD2B}.Int|Any CPU.ActiveCfg = Int|Any CPU
		{72BEF4B1-7E3E-47BD-AD2F-09A7C1B1BD2B}.Int|Any CPU.Build.0 = Int|Any CPU
		{72BEF4B1-7E3E-47BD-AD2F-09A7C1B1BD2B}.Prod|Any CPU.ActiveCfg = Prod|Any CPU
		{72BEF4B1-7E3E-47BD-AD2F-09A7C1B1BD2B}.Prod|Any CPU.Build.0 = Prod|Any CPU
		{72BEF4B1-7E3E-47BD-AD2F-09A7C1B1BD2B}.Release|Any CPU.ActiveCfg = Release|Any CPU
		{72BEF4B1-7E3E-47BD-AD2F-09A7C1B1BD2B}.Release|Any CPU.Build.0 = Release|Any CPU
		{72BEF4B1-7E3E-47BD-AD2F-09A7C1B1BD2B}.Stage|Any CPU.ActiveCfg = Stage|Any CPU
		{72BEF4B1-7E3E-47BD-AD2F-09A7C1B1BD2B}.Stage|Any CPU.Build.0 = Stage|Any CPU
		{F7BA5C1A-3497-4962-9E82-639068808DD3}.Debug|Any CPU.ActiveCfg = Debug|Any CPU
		{F7BA5C1A-3497-4962-9E82-639068808DD3}.Debug|Any CPU.Build.0 = Debug|Any CPU
		{F7BA5C1A-3497-4962-9E82-639068808DD3}.Int|Any CPU.ActiveCfg = Int|Any CPU
		{F7BA5C1A-3497-4962-9E82-639068808DD3}.Int|Any CPU.Build.0 = Int|Any CPU
		{F7BA5C1A-3497-4962-9E82-639068808DD3}.Prod|Any CPU.ActiveCfg = Prod|Any CPU
		{F7BA5C1A-3497-4962-9E82-639068808DD3}.Prod|Any CPU.Build.0 = Prod|Any CPU
		{F7BA5C1A-3497-4962-9E82-639068808DD3}.Release|Any CPU.ActiveCfg = Release|Any CPU
		{F7BA5C1A-3497-4962-9E82-639068808DD3}.Release|Any CPU.Build.0 = Release|Any CPU
		{F7BA5C1A-3497-4962-9E82-639068808DD3}.Stage|Any CPU.ActiveCfg = Stage|Any CPU
		{F7BA5C1A-3497-4962-9E82-639068808DD3}.Stage|Any CPU.Build.0 = Stage|Any CPU
		{70A0CD85-AC91-4E7C-B3EA-F5B0EC083D0A}.Debug|Any CPU.ActiveCfg = Debug|Any CPU
		{70A0CD85-AC91-4E7C-B3EA-F5B0EC083D0A}.Debug|Any CPU.Build.0 = Debug|Any CPU
		{70A0CD85-AC91-4E7C-B3EA-F5B0EC083D0A}.Int|Any CPU.ActiveCfg = Debug|Any CPU
		{70A0CD85-AC91-4E7C-B3EA-F5B0EC083D0A}.Int|Any CPU.Build.0 = Debug|Any CPU
		{70A0CD85-AC91-4E7C-B3EA-F5B0EC083D0A}.Prod|Any CPU.ActiveCfg = Debug|Any CPU
		{70A0CD85-AC91-4E7C-B3EA-F5B0EC083D0A}.Prod|Any CPU.Build.0 = Debug|Any CPU
		{70A0CD85-AC91-4E7C-B3EA-F5B0EC083D0A}.Release|Any CPU.ActiveCfg = Release|Any CPU
		{70A0CD85-AC91-4E7C-B3EA-F5B0EC083D0A}.Release|Any CPU.Build.0 = Release|Any CPU
		{70A0CD85-AC91-4E7C-B3EA-F5B0EC083D0A}.Stage|Any CPU.ActiveCfg = Debug|Any CPU
		{70A0CD85-AC91-4E7C-B3EA-F5B0EC083D0A}.Stage|Any CPU.Build.0 = Debug|Any CPU
		{A71B995C-5534-4DCD-9C53-6528CC6628A4}.Debug|Any CPU.ActiveCfg = Debug|Any CPU
		{A71B995C-5534-4DCD-9C53-6528CC6628A4}.Debug|Any CPU.Build.0 = Debug|Any CPU
		{A71B995C-5534-4DCD-9C53-6528CC6628A4}.Int|Any CPU.ActiveCfg = Debug|Any CPU
		{A71B995C-5534-4DCD-9C53-6528CC6628A4}.Int|Any CPU.Build.0 = Debug|Any CPU
		{A71B995C-5534-4DCD-9C53-6528CC6628A4}.Prod|Any CPU.ActiveCfg = Debug|Any CPU
		{A71B995C-5534-4DCD-9C53-6528CC6628A4}.Prod|Any CPU.Build.0 = Debug|Any CPU
		{A71B995C-5534-4DCD-9C53-6528CC6628A4}.Release|Any CPU.ActiveCfg = Release|Any CPU
		{A71B995C-5534-4DCD-9C53-6528CC6628A4}.Release|Any CPU.Build.0 = Release|Any CPU
		{A71B995C-5534-4DCD-9C53-6528CC6628A4}.Stage|Any CPU.ActiveCfg = Debug|Any CPU
		{A71B995C-5534-4DCD-9C53-6528CC6628A4}.Stage|Any CPU.Build.0 = Debug|Any CPU
		{7694A3CE-C888-44F7-9A16-EA6CFC3472D9}.Debug|Any CPU.ActiveCfg = Debug|Any CPU
		{7694A3CE-C888-44F7-9A16-EA6CFC3472D9}.Debug|Any CPU.Build.0 = Debug|Any CPU
		{7694A3CE-C888-44F7-9A16-EA6CFC3472D9}.Int|Any CPU.ActiveCfg = Debug|Any CPU
		{7694A3CE-C888-44F7-9A16-EA6CFC3472D9}.Int|Any CPU.Build.0 = Debug|Any CPU
		{7694A3CE-C888-44F7-9A16-EA6CFC3472D9}.Prod|Any CPU.ActiveCfg = Debug|Any CPU
		{7694A3CE-C888-44F7-9A16-EA6CFC3472D9}.Prod|Any CPU.Build.0 = Debug|Any CPU
		{7694A3CE-C888-44F7-9A16-EA6CFC3472D9}.Release|Any CPU.ActiveCfg = Release|Any CPU
		{7694A3CE-C888-44F7-9A16-EA6CFC3472D9}.Release|Any CPU.Build.0 = Release|Any CPU
		{7694A3CE-C888-44F7-9A16-EA6CFC3472D9}.Stage|Any CPU.ActiveCfg = Debug|Any CPU
		{7694A3CE-C888-44F7-9A16-EA6CFC3472D9}.Stage|Any CPU.Build.0 = Debug|Any CPU
	EndGlobalSection
	GlobalSection(SolutionProperties) = preSolution
		HideSolutionNode = FALSE
	EndGlobalSection
	GlobalSection(NestedProjects) = preSolution
		{DC2C5555-2F13-4108-8B19-B1F7EA2DEFA4} = {9BB0FBC0-AA98-4CC2-AA43-EB41040FBF08}
		{BD058553-E5ED-4EB5-9E0D-0AB1AC907C39} = {289714D2-82E5-4E53-991F-E53FCE439D00}
		{F018E3B9-989E-4309-90DA-266331D99FEF} = {1CECA7B6-0368-4005-8CFA-2CAEC5B29656}
		{A8469493-6186-4E1D-9985-ED935DE0E7B1} = {DC2C5555-2F13-4108-8B19-B1F7EA2DEFA4}
		{2F9354E7-CCE6-4B48-A5A4-03C262CAC824} = {DC2C5555-2F13-4108-8B19-B1F7EA2DEFA4}
		{424D0997-52DA-425A-BBC2-15D1D22DC730} = {DC2C5555-2F13-4108-8B19-B1F7EA2DEFA4}
		{202D79C9-62CB-4F60-9A15-FF424E1F2D1C} = {DC2C5555-2F13-4108-8B19-B1F7EA2DEFA4}
		{537E6FA3-6813-4D33-9672-DAAD5656236A} = {DC2C5555-2F13-4108-8B19-B1F7EA2DEFA4}
		{60B17631-2B09-4ABE-9ECE-1416BC1FBED0} = {DC2C5555-2F13-4108-8B19-B1F7EA2DEFA4}
		{5BE3B4C9-7AFB-4DF7-912B-271C34ACC099} = {DC2C5555-2F13-4108-8B19-B1F7EA2DEFA4}
		{40669344-1D04-4EEE-B0B4-3557CEB48165} = {9BB0FBC0-AA98-4CC2-AA43-EB41040FBF08}
		{F09E503B-A3D5-4B5A-8EE1-460E6EE8336B} = {40669344-1D04-4EEE-B0B4-3557CEB48165}
		{5D102CD1-EBD3-4D67-97A3-94D9C06BB868} = {9BB0FBC0-AA98-4CC2-AA43-EB41040FBF08}
		{72BEF4B1-7E3E-47BD-AD2F-09A7C1B1BD2B} = {5D102CD1-EBD3-4D67-97A3-94D9C06BB868}
		{F7BA5C1A-3497-4962-9E82-639068808DD3} = {1CECA7B6-0368-4005-8CFA-2CAEC5B29656}
		{70A0CD85-AC91-4E7C-B3EA-F5B0EC083D0A} = {DC2C5555-2F13-4108-8B19-B1F7EA2DEFA4}
		{A71B995C-5534-4DCD-9C53-6528CC6628A4} = {DC2C5555-2F13-4108-8B19-B1F7EA2DEFA4}
		{7694A3CE-C888-44F7-9A16-EA6CFC3472D9} = {1CECA7B6-0368-4005-8CFA-2CAEC5B29656}
	EndGlobalSection
	GlobalSection(ExtensibilityGlobals) = postSolution
		SolutionGuid = {E794E035-4113-4613-BD1E-1B2301BC3ADA}
	EndGlobalSection
EndGlobal
